<?xml version="1.0" encoding="UTF-8"?>
<CONFIG>
  <ProjectOptions>
    <Version Value="12"/>
    <General>
      <Flags>
        <MainUnitHasCreateFormStatements Value="False"/>
        <MainUnitHasTitleStatement Value="False"/>
        <MainUnitHasScaledStatement Value="False"/>
      </Flags>
      <SessionStorage Value="InProjectDir"/>
      <Title Value="LBToolkit_shared"/>
      <UseAppBundle Value="False"/>
      <ResourceType Value="res"/>
      <Resources Count="10">
        <Resource_0 FileName="../../LBWebPyBridge/pyScripts/lb_logger.py" Type="RCDATA" ResourceName="LB_LOGGER"/>
        <Resource_1 FileName="../../LBWebPyBridge/pyScripts/readme.txt" Type="RCDATA" ResourceName="README"/>
        <Resource_2 FileName="../../LBWebPyBridge/pyScripts/test_launcher.py" Type="RCDATA" ResourceName="TEST_LAUNCHER"/>
        <Resource_3 FileName="../../LBWebPyBridge/pyScripts/worker.py" Type="RCDATA" ResourceName="WORKER"/>
        <Resource_4 FileName="../../LBWebPyBridge/pyScripts/LBBridge/bridge_sysv.py" Type="RCDATA" ResourceName="BRIDGE_SYSV"/>
        <Resource_5 FileName="../../LBWebPyBridge/pyScripts/LBBridge/bridge_win.py" Type="RCDATA" ResourceName="BRIDGE_WIN"/>
        <Resource_6 FileName="../../LBWebPyBridge/pyScripts/LBBridge/__init__.py" Type="RCDATA" ResourceName="__INIT__"/>
        <Resource_7 FileName="../../LBWebPyBridge/pyScripts/LBBridge/LBBridge_constants.py" Type="RCDATA" ResourceName="LBBRIDGE_CONSTANTS"/>
        <Resource_8 FileName="../../LBWebPyBridge/pyScripts/LBBridge/sem_sysv.py" Type="RCDATA" ResourceName="SEM_SYSV"/>
        <Resource_9 FileName="../../LBWebPyBridge/pyScripts/LBBridge/sem_win.py" Type="RCDATA" ResourceName="SEM_WIN"/>
      </Resources>
    </General>
    <BuildModes>
      <Item Name="Release" Default="True"/>
    </BuildModes>
    <PublishOptions>
      <Version Value="2"/>
      <UseFileFilters Value="True"/>
    </PublishOptions>
    <RunParams>
      <FormatVersion Value="2"/>
    </RunParams>
    <RequiredPackages>
      <Item>
        <PackageName Value="laz_synapse"/>
      </Item>
      <Item>
        <PackageName Value="BGRABitmapPack"/>
      </Item>
      <Item>
        <PackageName Value="LCLBase"/>
      </Item>
      <Item>
        <PackageName Value="LCL"/>
      </Item>
    </RequiredPackages>
    <Units>
      <Unit>
        <Filename Value="LBToolkit_shared.lpr"/>
        <IsPartOfProject Value="True"/>
      </Unit>
      <Unit>
        <Filename Value="uCallbackLogger.pas"/>
        <IsPartOfProject Value="True"/>
      </Unit>
    </Units>
  </ProjectOptions>
  <CompilerOptions>
    <Version Value="11"/>
    <Target>
      <Filename Value="sharedLib/LBToolkit"/>
    </Target>
    <SearchPaths>
      <IncludeFiles Value="$(ProjOutDir)"/>
      <OtherUnitFiles Value="../../utils;../../LBLogger;../../LBmicroWebServer;../../LBWebPyBridge"/>
      <UnitOutputDirectory Value="/tmp/lib/$(TargetCPU)-$(TargetOS)"/>
    </SearchPaths>
    <CodeGeneration>
      <SmartLinkUnit Value="True"/>
      <RelocatableUnit Value="True"/>
      <Optimizations>
        <OptimizationLevel Value="3"/>
      </Optimizations>
    </CodeGeneration>
    <Linking>
      <Debugging>
        <GenerateDebugInfo Value="False"/>
        <RunWithoutDebug Value="True"/>
        <UseLineInfoUnit Value="False"/>
        <StripSymbols Value="True"/>
      </Debugging>
      <LinkSmart Value="True"/>
      <Options>
        <Win32>
          <GraphicApplication Value="True"/>
        </Win32>
        <ExecutableType Value="Library"/>
      </Options>
    </Linking>
  </CompilerOptions>
</CONFIG>
